
Microsoft Visual Studio Solution File, Format Version 12.00
# Visual Studio 2015
Project("{FAE04EC0-301F-11D3-BF4B-00C04F79EFBC}") = "Pajama Jam.CSharp", "Pajama Jam.CSharp.csproj", "{0D58D2D4-E3B3-DC16-1239-42A48188522C}"
EndProject
Global
	GlobalSection(SolutionConfigurationPlatforms) = preSolution
		Debug|Any CPU = Debug|Any CPU
		Release|Any CPU = Release|Any CPU
	EndGlobalSection
	GlobalSection(ProjectConfigurationPlatforms) = postSolution
		{0D58D2D4-E3B3-DC16-1239-42A48188522C}.Debug|Any CPU.ActiveCfg = Debug|Any CPU
		{0D58D2D4-E3B3-DC16-1239-42A48188522C}.Debug|Any CPU.Build.0 = Debug|Any CPU
		{0D58D2D4-E3B3-DC16-1239-42A48188522C}.Release|Any CPU.ActiveCfg = Release|Any CPU
		{0D58D2D4-E3B3-DC16-1239-42A48188522C}.Release|Any CPU.Build.0 = Release|Any CPU
	EndGlobalSection
	GlobalSection(SolutionProperties) = preSolution
		HideSolutionNode = FALSE
	EndGlobalSection
EndGlobal
