Microsoft Visual Studio Solution File, Format Version 11.00
# Visual Studio 2008

Project("{4E486646-88D1-236B-8E56-39EF6DAB6418}") = "pajamaJam", "Assembly-CSharp.csproj", "{5E91B907-68E9-BA63-E976-B8DA173C77A5}"
EndProject
Global
	GlobalSection(SolutionConfigurationPlatforms) = preSolution
		Debug|Any CPU = Debug|Any CPU
		Release|Any CPU = Release|Any CPU
	EndGlobalSection
	GlobalSection(ProjectConfigurationPlatforms) = postSolution
		{5E91B907-68E9-BA63-E976-B8DA173C77A5}.Debug|Any CPU.ActiveCfg = Debug|Any CPU
		{5E91B907-68E9-BA63-E976-B8DA173C77A5}.Debug|Any CPU.Build.0 = Debug|Any CPU
		{5E91B907-68E9-BA63-E976-B8DA173C77A5}.Release|Any CPU.ActiveCfg = Release|Any CPU
		{5E91B907-68E9-BA63-E976-B8DA173C77A5}.Release|Any CPU.Build.0 = Release|Any CPU
	EndGlobalSection
	GlobalSection(SolutionProperties) = preSolution
		HideSolutionNode = FALSE
	EndGlobalSection
	GlobalSection(MonoDevelopProperties) = preSolution
		StartupItem = Assembly-CSharp.csproj
	EndGlobalSection
EndGlobal
